
Microsoft Visual Studio Solution File, Format Version 12.00
# Visual Studio Version 17
VisualStudioVersion = 17.5.002.0
MinimumVisualStudioVersion = 10.0.40219.1
Project("{9A19103F-16F7-4668-BE54-9A1E7A4F7556}") = "GrpcGreeterClient", "GrpcGreeterClient.csproj", "{E57D06DF-CDF9-422A-888D-C1DB4CC9358A}"
EndProject
Global
	GlobalSection(SolutionConfigurationPlatforms) = preSolution
		Debug|Any CPU = Debug|Any CPU
		Release|Any CPU = Release|Any CPU
	EndGlobalSection
	GlobalSection(ProjectConfigurationPlatforms) = postSolution
		{E57D06DF-CDF9-422A-888D-C1DB4CC9358A}.Debug|Any CPU.ActiveCfg = Debug|Any CPU
		{E57D06DF-CDF9-422A-888D-C1DB4CC9358A}.Debug|Any CPU.Build.0 = Debug|Any CPU
		{E57D06DF-CDF9-422A-888D-C1DB4CC9358A}.Release|Any CPU.ActiveCfg = Release|Any CPU
		{E57D06DF-CDF9-422A-888D-C1DB4CC9358A}.Release|Any CPU.Build.0 = Release|Any CPU
	EndGlobalSection
	GlobalSection(SolutionProperties) = preSolution
		HideSolutionNode = FALSE
	EndGlobalSection
	GlobalSection(ExtensibilityGlobals) = postSolution
		SolutionGuid = {F4D61FE8-3D95-455F-A6EC-ED2CBB55F947}
	EndGlobalSection
EndGlobal
